
Microsoft Visual Studio Solution File, Format Version 12.00
# Visual Studio Version 17
VisualStudioVersion = 17.0.31903.59
MinimumVisualStudioVersion = 10.0.40219.1
Project("{2150E333-8FDC-42A3-9474-1A3956D46DE8}") = "infrastructure", "infrastructure", "{DFEE68D8-A7D0-1A41-506C-9B74AA9A7B7B}"
EndProject
Project("{FAE04EC0-301F-11D3-BF4B-00C04F79EFBC}") = "CoffeeTracker.AppHost", "infrastructure\CoffeeTracker.AppHost\CoffeeTracker.AppHost.csproj", "{11D94055-0B49-4CF3-B3F4-CDB3C63210E0}"
EndProject
Project("{FAE04EC0-301F-11D3-BF4B-00C04F79EFBC}") = "CoffeeTracker.ServiceDefaults", "infrastructure\CoffeeTracker.ServiceDefaults\CoffeeTracker.ServiceDefaults.csproj", "{817D1C21-8300-45F9-99E3-2B5E9E1A23F1}"
EndProject
Project("{2150E333-8FDC-42A3-9474-1A3956D46DE8}") = "src", "src", "{827E0CD3-B72D-47B6-A68D-7590B98EB39B}"
EndProject
Project("{2150E333-8FDC-42A3-9474-1A3956D46DE8}") = "CoffeeTracker.Web", "CoffeeTracker.Web", "{23E8CDD8-9306-C714-6E18-60896C34992A}"
EndProject
Project("{FAE04EC0-301F-11D3-BF4B-00C04F79EFBC}") = "CoffeeTracker.Web", "src\CoffeeTracker.Web\CoffeeTracker.Web\CoffeeTracker.Web.csproj", "{86B530CD-590A-4A1E-BC57-6D713B0B5BB9}"
EndProject
Project("{FAE04EC0-301F-11D3-BF4B-00C04F79EFBC}") = "CoffeeTracker.Web.Client", "src\CoffeeTracker.Web\CoffeeTracker.Web.Client\CoffeeTracker.Web.Client.csproj", "{B821B6AF-F081-4915-BF6B-3F6C4BE84F45}"
EndProject
Project("{FAE04EC0-301F-11D3-BF4B-00C04F79EFBC}") = "CoffeeTracker.Api", "src\CoffeeTracker.Api\CoffeeTracker.Api.csproj", "{2E9E4973-E12D-431A-A6AF-0E58E09DFA62}"
EndProject
Project("{2150E333-8FDC-42A3-9474-1A3956D46DE8}") = "test", "test", "{0C88DD14-F956-CE84-757C-A364CCF449FC}"
EndProject
Project("{FAE04EC0-301F-11D3-BF4B-00C04F79EFBC}") = "CoffeeTracker.Api.Tests", "test\CoffeeTracker.Api.Tests\CoffeeTracker.Api.Tests.csproj", "{772EA909-BE73-45C0-A327-49FBCDBE536F}"
EndProject
Project("{FAE04EC0-301F-11D3-BF4B-00C04F79EFBC}") = "CoffeeTracker.Web.Tests", "test\CoffeeTracker.Web.Tests\CoffeeTracker.Web.Tests.csproj", "{F040567F-7331-4980-9BC2-E2622196FFF2}"
EndProject
Global
	GlobalSection(SolutionConfigurationPlatforms) = preSolution
		Debug|Any CPU = Debug|Any CPU
		Debug|x64 = Debug|x64
		Debug|x86 = Debug|x86
		Release|Any CPU = Release|Any CPU
		Release|x64 = Release|x64
		Release|x86 = Release|x86
	EndGlobalSection
	GlobalSection(ProjectConfigurationPlatforms) = postSolution
		{11D94055-0B49-4CF3-B3F4-CDB3C63210E0}.Debug|Any CPU.ActiveCfg = Debug|Any CPU
		{11D94055-0B49-4CF3-B3F4-CDB3C63210E0}.Debug|Any CPU.Build.0 = Debug|Any CPU
		{11D94055-0B49-4CF3-B3F4-CDB3C63210E0}.Debug|x64.ActiveCfg = Debug|Any CPU
		{11D94055-0B49-4CF3-B3F4-CDB3C63210E0}.Debug|x64.Build.0 = Debug|Any CPU
		{11D94055-0B49-4CF3-B3F4-CDB3C63210E0}.Debug|x86.ActiveCfg = Debug|Any CPU
		{11D94055-0B49-4CF3-B3F4-CDB3C63210E0}.Debug|x86.Build.0 = Debug|Any CPU
		{11D94055-0B49-4CF3-B3F4-CDB3C63210E0}.Release|Any CPU.ActiveCfg = Release|Any CPU
		{11D94055-0B49-4CF3-B3F4-CDB3C63210E0}.Release|Any CPU.Build.0 = Release|Any CPU
		{11D94055-0B49-4CF3-B3F4-CDB3C63210E0}.Release|x64.ActiveCfg = Release|Any CPU
		{11D94055-0B49-4CF3-B3F4-CDB3C63210E0}.Release|x64.Build.0 = Release|Any CPU
		{11D94055-0B49-4CF3-B3F4-CDB3C63210E0}.Release|x86.ActiveCfg = Release|Any CPU
		{11D94055-0B49-4CF3-B3F4-CDB3C63210E0}.Release|x86.Build.0 = Release|Any CPU
		{817D1C21-8300-45F9-99E3-2B5E9E1A23F1}.Debug|Any CPU.ActiveCfg = Debug|Any CPU
		{817D1C21-8300-45F9-99E3-2B5E9E1A23F1}.Debug|Any CPU.Build.0 = Debug|Any CPU
		{817D1C21-8300-45F9-99E3-2B5E9E1A23F1}.Debug|x64.ActiveCfg = Debug|Any CPU
		{817D1C21-8300-45F9-99E3-2B5E9E1A23F1}.Debug|x64.Build.0 = Debug|Any CPU
		{817D1C21-8300-45F9-99E3-2B5E9E1A23F1}.Debug|x86.ActiveCfg = Debug|Any CPU
		{817D1C21-8300-45F9-99E3-2B5E9E1A23F1}.Debug|x86.Build.0 = Debug|Any CPU
		{817D1C21-8300-45F9-99E3-2B5E9E1A23F1}.Release|Any CPU.ActiveCfg = Release|Any CPU
		{817D1C21-8300-45F9-99E3-2B5E9E1A23F1}.Release|Any CPU.Build.0 = Release|Any CPU
		{817D1C21-8300-45F9-99E3-2B5E9E1A23F1}.Release|x64.ActiveCfg = Release|Any CPU
		{817D1C21-8300-45F9-99E3-2B5E9E1A23F1}.Release|x64.Build.0 = Release|Any CPU
		{817D1C21-8300-45F9-99E3-2B5E9E1A23F1}.Release|x86.ActiveCfg = Release|Any CPU
		{817D1C21-8300-45F9-99E3-2B5E9E1A23F1}.Release|x86.Build.0 = Release|Any CPU
		{86B530CD-590A-4A1E-BC57-6D713B0B5BB9}.Debug|Any CPU.ActiveCfg = Debug|Any CPU
		{86B530CD-590A-4A1E-BC57-6D713B0B5BB9}.Debug|Any CPU.Build.0 = Debug|Any CPU
		{86B530CD-590A-4A1E-BC57-6D713B0B5BB9}.Debug|x64.ActiveCfg = Debug|Any CPU
		{86B530CD-590A-4A1E-BC57-6D713B0B5BB9}.Debug|x64.Build.0 = Debug|Any CPU
		{86B530CD-590A-4A1E-BC57-6D713B0B5BB9}.Debug|x86.ActiveCfg = Debug|Any CPU
		{86B530CD-590A-4A1E-BC57-6D713B0B5BB9}.Debug|x86.Build.0 = Debug|Any CPU
		{86B530CD-590A-4A1E-BC57-6D713B0B5BB9}.Release|Any CPU.ActiveCfg = Release|Any CPU
		{86B530CD-590A-4A1E-BC57-6D713B0B5BB9}.Release|Any CPU.Build.0 = Release|Any CPU
		{86B530CD-590A-4A1E-BC57-6D713B0B5BB9}.Release|x64.ActiveCfg = Release|Any CPU
		{86B530CD-590A-4A1E-BC57-6D713B0B5BB9}.Release|x64.Build.0 = Release|Any CPU
		{86B530CD-590A-4A1E-BC57-6D713B0B5BB9}.Release|x86.ActiveCfg = Release|Any CPU
		{86B530CD-590A-4A1E-BC57-6D713B0B5BB9}.Release|x86.Build.0 = Release|Any CPU
		{B821B6AF-F081-4915-BF6B-3F6C4BE84F45}.Debug|Any CPU.ActiveCfg = Debug|Any CPU
		{B821B6AF-F081-4915-BF6B-3F6C4BE84F45}.Debug|Any CPU.Build.0 = Debug|Any CPU
		{B821B6AF-F081-4915-BF6B-3F6C4BE84F45}.Debug|x64.ActiveCfg = Debug|Any CPU
		{B821B6AF-F081-4915-BF6B-3F6C4BE84F45}.Debug|x64.Build.0 = Debug|Any CPU
		{B821B6AF-F081-4915-BF6B-3F6C4BE84F45}.Debug|x86.ActiveCfg = Debug|Any CPU
		{B821B6AF-F081-4915-BF6B-3F6C4BE84F45}.Debug|x86.Build.0 = Debug|Any CPU
		{B821B6AF-F081-4915-BF6B-3F6C4BE84F45}.Release|Any CPU.ActiveCfg = Release|Any CPU
		{B821B6AF-F081-4915-BF6B-3F6C4BE84F45}.Release|Any CPU.Build.0 = Release|Any CPU
		{B821B6AF-F081-4915-BF6B-3F6C4BE84F45}.Release|x64.ActiveCfg = Release|Any CPU
		{B821B6AF-F081-4915-BF6B-3F6C4BE84F45}.Release|x64.Build.0 = Release|Any CPU
		{B821B6AF-F081-4915-BF6B-3F6C4BE84F45}.Release|x86.ActiveCfg = Release|Any CPU
		{B821B6AF-F081-4915-BF6B-3F6C4BE84F45}.Release|x86.Build.0 = Release|Any CPU
		{2E9E4973-E12D-431A-A6AF-0E58E09DFA62}.Debug|Any CPU.ActiveCfg = Debug|Any CPU
		{2E9E4973-E12D-431A-A6AF-0E58E09DFA62}.Debug|Any CPU.Build.0 = Debug|Any CPU
		{2E9E4973-E12D-431A-A6AF-0E58E09DFA62}.Debug|x64.ActiveCfg = Debug|Any CPU
		{2E9E4973-E12D-431A-A6AF-0E58E09DFA62}.Debug|x64.Build.0 = Debug|Any CPU
		{2E9E4973-E12D-431A-A6AF-0E58E09DFA62}.Debug|x86.ActiveCfg = Debug|Any CPU
		{2E9E4973-E12D-431A-A6AF-0E58E09DFA62}.Debug|x86.Build.0 = Debug|Any CPU
		{2E9E4973-E12D-431A-A6AF-0E58E09DFA62}.Release|Any CPU.ActiveCfg = Release|Any CPU
		{2E9E4973-E12D-431A-A6AF-0E58E09DFA62}.Release|Any CPU.Build.0 = Release|Any CPU
		{2E9E4973-E12D-431A-A6AF-0E58E09DFA62}.Release|x64.ActiveCfg = Release|Any CPU
		{2E9E4973-E12D-431A-A6AF-0E58E09DFA62}.Release|x64.Build.0 = Release|Any CPU
		{2E9E4973-E12D-431A-A6AF-0E58E09DFA62}.Release|x86.ActiveCfg = Release|Any CPU
		{2E9E4973-E12D-431A-A6AF-0E58E09DFA62}.Release|x86.Build.0 = Release|Any CPU
		{772EA909-BE73-45C0-A327-49FBCDBE536F}.Debug|Any CPU.ActiveCfg = Debug|Any CPU
		{772EA909-BE73-45C0-A327-49FBCDBE536F}.Debug|Any CPU.Build.0 = Debug|Any CPU
		{772EA909-BE73-45C0-A327-49FBCDBE536F}.Debug|x64.ActiveCfg = Debug|Any CPU
		{772EA909-BE73-45C0-A327-49FBCDBE536F}.Debug|x64.Build.0 = Debug|Any CPU
		{772EA909-BE73-45C0-A327-49FBCDBE536F}.Debug|x86.ActiveCfg = Debug|Any CPU
		{772EA909-BE73-45C0-A327-49FBCDBE536F}.Debug|x86.Build.0 = Debug|Any CPU
		{772EA909-BE73-45C0-A327-49FBCDBE536F}.Release|Any CPU.ActiveCfg = Release|Any CPU
		{772EA909-BE73-45C0-A327-49FBCDBE536F}.Release|Any CPU.Build.0 = Release|Any CPU
		{772EA909-BE73-45C0-A327-49FBCDBE536F}.Release|x64.ActiveCfg = Release|Any CPU
		{772EA909-BE73-45C0-A327-49FBCDBE536F}.Release|x64.Build.0 = Release|Any CPU
		{772EA909-BE73-45C0-A327-49FBCDBE536F}.Release|x86.ActiveCfg = Release|Any CPU
		{772EA909-BE73-45C0-A327-49FBCDBE536F}.Release|x86.Build.0 = Release|Any CPU
		{F040567F-7331-4980-9BC2-E2622196FFF2}.Debug|Any CPU.ActiveCfg = Debug|Any CPU
		{F040567F-7331-4980-9BC2-E2622196FFF2}.Debug|Any CPU.Build.0 = Debug|Any CPU
		{F040567F-7331-4980-9BC2-E2622196FFF2}.Debug|x64.ActiveCfg = Debug|Any CPU
		{F040567F-7331-4980-9BC2-E2622196FFF2}.Debug|x64.Build.0 = Debug|Any CPU
		{F040567F-7331-4980-9BC2-E2622196FFF2}.Debug|x86.ActiveCfg = Debug|Any CPU
		{F040567F-7331-4980-9BC2-E2622196FFF2}.Debug|x86.Build.0 = Debug|Any CPU
		{F040567F-7331-4980-9BC2-E2622196FFF2}.Release|Any CPU.ActiveCfg = Release|Any CPU
		{F040567F-7331-4980-9BC2-E2622196FFF2}.Release|Any CPU.Build.0 = Release|Any CPU
		{F040567F-7331-4980-9BC2-E2622196FFF2}.Release|x64.ActiveCfg = Release|Any CPU
		{F040567F-7331-4980-9BC2-E2622196FFF2}.Release|x64.Build.0 = Release|Any CPU
		{F040567F-7331-4980-9BC2-E2622196FFF2}.Release|x86.ActiveCfg = Release|Any CPU
		{F040567F-7331-4980-9BC2-E2622196FFF2}.Release|x86.Build.0 = Release|Any CPU
	EndGlobalSection
	GlobalSection(SolutionProperties) = preSolution
		HideSolutionNode = FALSE
	EndGlobalSection
	GlobalSection(NestedProjects) = preSolution
		{11D94055-0B49-4CF3-B3F4-CDB3C63210E0} = {DFEE68D8-A7D0-1A41-506C-9B74AA9A7B7B}
		{817D1C21-8300-45F9-99E3-2B5E9E1A23F1} = {DFEE68D8-A7D0-1A41-506C-9B74AA9A7B7B}
		{23E8CDD8-9306-C714-6E18-60896C34992A} = {827E0CD3-B72D-47B6-A68D-7590B98EB39B}
		{86B530CD-590A-4A1E-BC57-6D713B0B5BB9} = {23E8CDD8-9306-C714-6E18-60896C34992A}
		{B821B6AF-F081-4915-BF6B-3F6C4BE84F45} = {23E8CDD8-9306-C714-6E18-60896C34992A}
		{2E9E4973-E12D-431A-A6AF-0E58E09DFA62} = {827E0CD3-B72D-47B6-A68D-7590B98EB39B}
		{772EA909-BE73-45C0-A327-49FBCDBE536F} = {0C88DD14-F956-CE84-757C-A364CCF449FC}
		{F040567F-7331-4980-9BC2-E2622196FFF2} = {0C88DD14-F956-CE84-757C-A364CCF449FC}
	EndGlobalSection
EndGlobal
